
Microsoft Visual Studio Solution File, Format Version 12.00
# Visual Studio Version 16
VisualStudioVersion = 16.0.31019.35
MinimumVisualStudioVersion = 10.0.40219.1
Project("{FAE04EC0-301F-11D3-BF4B-00C04F79EFBC}") = "FaceDetection", "FaceDetection.csproj", "{CD9AA518-A51A-4EDE-83AF-AD97F34459CA}"
EndProject
Global
	GlobalSection(SolutionConfigurationPlatforms) = preSolution
		Debug|ARM = Debug|ARM
		Debug|ARM64 = Debug|ARM64
		Debug|x64 = Debug|x64
		Debug|x86 = Debug|x86
		Release|ARM = Release|ARM
		Release|ARM64 = Release|ARM64
		Release|x64 = Release|x64
		Release|x86 = Release|x86
	EndGlobalSection
	GlobalSection(ProjectConfigurationPlatforms) = postSolution
		{CD9AA518-A51A-4EDE-83AF-AD97F34459CA}.Debug|ARM.ActiveCfg = Debug|ARM
		{CD9AA518-A51A-4EDE-83AF-AD97F34459CA}.Debug|ARM.Build.0 = Debug|ARM
		{CD9AA518-A51A-4EDE-83AF-AD97F34459CA}.Debug|ARM.Deploy.0 = Debug|ARM
		{CD9AA518-A51A-4EDE-83AF-AD97F34459CA}.Debug|ARM64.ActiveCfg = Debug|ARM64
		{CD9AA518-A51A-4EDE-83AF-AD97F34459CA}.Debug|ARM64.Build.0 = Debug|ARM64
		{CD9AA518-A51A-4EDE-83AF-AD97F34459CA}.Debug|ARM64.Deploy.0 = Debug|ARM64
		{CD9AA518-A51A-4EDE-83AF-AD97F34459CA}.Debug|x64.ActiveCfg = Debug|x64
		{CD9AA518-A51A-4EDE-83AF-AD97F34459CA}.Debug|x64.Build.0 = Debug|x64
		{CD9AA518-A51A-4EDE-83AF-AD97F34459CA}.Debug|x64.Deploy.0 = Debug|x64
		{CD9AA518-A51A-4EDE-83AF-AD97F34459CA}.Debug|x86.ActiveCfg = Debug|x86
		{CD9AA518-A51A-4EDE-83AF-AD97F34459CA}.Debug|x86.Build.0 = Debug|x86
		{CD9AA518-A51A-4EDE-83AF-AD97F34459CA}.Debug|x86.Deploy.0 = Debug|x86
		{CD9AA518-A51A-4EDE-83AF-AD97F34459CA}.Release|ARM.ActiveCfg = Release|ARM
		{CD9AA518-A51A-4EDE-83AF-AD97F34459CA}.Release|ARM.Build.0 = Release|ARM
		{CD9AA518-A51A-4EDE-83AF-AD97F34459CA}.Release|ARM.Deploy.0 = Release|ARM
		{CD9AA518-A51A-4EDE-83AF-AD97F34459CA}.Release|ARM64.ActiveCfg = Release|ARM64
		{CD9AA518-A51A-4EDE-83AF-AD97F34459CA}.Release|ARM64.Build.0 = Release|ARM64
		{CD9AA518-A51A-4EDE-83AF-AD97F34459CA}.Release|ARM64.Deploy.0 = Release|ARM64
		{CD9AA518-A51A-4EDE-83AF-AD97F34459CA}.Release|x64.ActiveCfg = Release|x64
		{CD9AA518-A51A-4EDE-83AF-AD97F34459CA}.Release|x64.Build.0 = Release|x64
		{CD9AA518-A51A-4EDE-83AF-AD97F34459CA}.Release|x64.Deploy.0 = Release|x64
		{CD9AA518-A51A-4EDE-83AF-AD97F34459CA}.Release|x86.ActiveCfg = Release|x86
		{CD9AA518-A51A-4EDE-83AF-AD97F34459CA}.Release|x86.Build.0 = Release|x86
		{CD9AA518-A51A-4EDE-83AF-AD97F34459CA}.Release|x86.Deploy.0 = Release|x86
	EndGlobalSection
	GlobalSection(SolutionProperties) = preSolution
		HideSolutionNode = FALSE
	EndGlobalSection
	GlobalSection(ExtensibilityGlobals) = postSolution
		SolutionGuid = {74BAA4CD-989C-4E10-B5FD-45F48B985CCE}
	EndGlobalSection
EndGlobal
